
Microsoft Visual Studio Solution File, Format Version 12.00
# Visual Studio Version 17
VisualStudioVersion = 17.11.35222.181
MinimumVisualStudioVersion = 10.0.40219.1
Project("{FAE04EC0-301F-11D3-BF4B-00C04F79EFBC}") = "Museam", "Museam\Museam.csproj", "{234515D7-1A0B-4319-955A-A90DB8761694}"
EndProject
Global
	GlobalSection(SolutionConfigurationPlatforms) = preSolution
		Debug|Any CPU = Debug|Any CPU
		Release|Any CPU = Release|Any CPU
	EndGlobalSection
	GlobalSection(ProjectConfigurationPlatforms) = postSolution
		{234515D7-1A0B-4319-955A-A90DB8761694}.Debug|Any CPU.ActiveCfg = Debug|Any CPU
		{234515D7-1A0B-4319-955A-A90DB8761694}.Debug|Any CPU.Build.0 = Debug|Any CPU
		{234515D7-1A0B-4319-955A-A90DB8761694}.Release|Any CPU.ActiveCfg = Release|Any CPU
		{234515D7-1A0B-4319-955A-A90DB8761694}.Release|Any CPU.Build.0 = Release|Any CPU
	EndGlobalSection
	GlobalSection(SolutionProperties) = preSolution
		HideSolutionNode = FALSE
	EndGlobalSection
	GlobalSection(ExtensibilityGlobals) = postSolution
		SolutionGuid = {0C8091BC-B0E2-46A2-A234-E0AEA3DBA9ED}
	EndGlobalSection
EndGlobal
